
Microsoft Visual Studio Solution File, Format Version 12.00
# Visual Studio 14
VisualStudioVersion = 14.0.24720.0
MinimumVisualStudioVersion = 10.0.40219.1
Project("{FAE04EC0-301F-11D3-BF4B-00C04F79EFBC}") = "MenuQuick", "MenuQuick\MenuQuick.csproj", "{5423FB20-E8FD-418F-9811-75681BE3350F}"
EndProject
Global
	GlobalSection(SolutionConfigurationPlatforms) = preSolution
		Debug|Any CPU = Debug|Any CPU
		Release|Any CPU = Release|Any CPU
	EndGlobalSection
	GlobalSection(ProjectConfigurationPlatforms) = postSolution
		{5423FB20-E8FD-418F-9811-75681BE3350F}.Debug|Any CPU.ActiveCfg = Debug|Any CPU
		{5423FB20-E8FD-418F-9811-75681BE3350F}.Debug|Any CPU.Build.0 = Debug|Any CPU
		{5423FB20-E8FD-418F-9811-75681BE3350F}.Release|Any CPU.ActiveCfg = Release|Any CPU
		{5423FB20-E8FD-418F-9811-75681BE3350F}.Release|Any CPU.Build.0 = Release|Any CPU
	EndGlobalSection
	GlobalSection(SolutionProperties) = preSolution
		HideSolutionNode = FALSE
	EndGlobalSection
EndGlobal
